// !$*UTF8*$!
{
	archiveVersion = 1;
	classes = {
	};
	objectVersion = 48;
	objects = {

/* Begin PBXBuildFile section */
		D459C0FB1FE6B17C000F9611 /* sqlcipher.framework in Frameworks */ = {isa = PBXBuildFile; fileRef = D459C0FA1FE6B17C000F9611 /* sqlcipher.framework */; };
		D459C1121FE6B236000F9611 /* XXTRuntimeBaseAccessor.mm in Sources */ = {isa = PBXBuildFile; fileRef = D459C1021FE6B236000F9611 /* XXTRuntimeBaseAccessor.mm */; };
		D459C1131FE6B236000F9611 /* XXTRuntimeObjCAccessor.mm in Sources */ = {isa = PBXBuildFile; fileRef = D459C1051FE6B236000F9611 /* XXTRuntimeObjCAccessor.mm */; };
		D459C1141FE6B236000F9611 /* XXTBinding.mm in Sources */ = {isa = PBXBuildFile; fileRef = D459C1081FE6B236000F9611 /* XXTBinding.mm */; };
		D459C1151FE6B236000F9611 /* XXTColumnBinding.mm in Sources */ = {isa = PBXBuildFile; fileRef = D459C10A1FE6B236000F9611 /* XXTColumnBinding.mm */; };
		D459C1161FE6B236000F9611 /* SNSNewsModelTest.m in Sources */ = {isa = PBXBuildFile; fileRef = D459C1101FE6B236000F9611 /* SNSNewsModelTest.m */; };
		D459C1821FE6B315000F9611 /* clause_join.cpp in Sources */ = {isa = PBXBuildFile; fileRef = D459C11A1FE6B315000F9611 /* clause_join.cpp */; };
		D459C1831FE6B315000F9611 /* column.cpp in Sources */ = {isa = PBXBuildFile; fileRef = D459C11C1FE6B315000F9611 /* column.cpp */; };
		D459C1841FE6B315000F9611 /* column_def.cpp in Sources */ = {isa = PBXBuildFile; fileRef = D459C11E1FE6B315000F9611 /* column_def.cpp */; };
		D459C1851FE6B315000F9611 /* column_index.cpp in Sources */ = {isa = PBXBuildFile; fileRef = D459C1201FE6B315000F9611 /* column_index.cpp */; };
		D459C1861FE6B315000F9611 /* column_result.cpp in Sources */ = {isa = PBXBuildFile; fileRef = D459C1221FE6B315000F9611 /* column_result.cpp */; };
		D459C1871FE6B315000F9611 /* column_type.cpp in Sources */ = {isa = PBXBuildFile; fileRef = D459C1241FE6B315000F9611 /* column_type.cpp */; };
		D459C1881FE6B315000F9611 /* conflict.cpp in Sources */ = {isa = PBXBuildFile; fileRef = D459C1261FE6B315000F9611 /* conflict.cpp */; };
		D459C1891FE6B315000F9611 /* constraint_table.cpp in Sources */ = {isa = PBXBuildFile; fileRef = D459C1281FE6B315000F9611 /* constraint_table.cpp */; };
		D459C18A1FE6B315000F9611 /* describable.cpp in Sources */ = {isa = PBXBuildFile; fileRef = D459C12B1FE6B315000F9611 /* describable.cpp */; };
		D459C18B1FE6B315000F9611 /* expr.cpp in Sources */ = {isa = PBXBuildFile; fileRef = D459C12D1FE6B315000F9611 /* expr.cpp */; };
		D459C18C1FE6B315000F9611 /* foreign_key.cpp in Sources */ = {isa = PBXBuildFile; fileRef = D459C12F1FE6B315000F9611 /* foreign_key.cpp */; };
		D459C18D1FE6B315000F9611 /* fts_module.cpp in Sources */ = {isa = PBXBuildFile; fileRef = D459C1311FE6B315000F9611 /* fts_module.cpp */; };
		D459C18E1FE6B315000F9611 /* fts_modules.cpp in Sources */ = {isa = PBXBuildFile; fileRef = D459C1331FE6B315000F9611 /* fts_modules.cpp */; };
		D459C18F1FE6B315000F9611 /* handle.cpp in Sources */ = {isa = PBXBuildFile; fileRef = D459C1351FE6B315000F9611 /* handle.cpp */; };
		D459C1901FE6B315000F9611 /* handle_statement.cpp in Sources */ = {isa = PBXBuildFile; fileRef = D459C1371FE6B315000F9611 /* handle_statement.cpp */; };
		D459C1911FE6B315000F9611 /* literal_value.cpp in Sources */ = {isa = PBXBuildFile; fileRef = D459C1391FE6B315000F9611 /* literal_value.cpp */; };
		D459C1921FE6B315000F9611 /* module_argument.cpp in Sources */ = {isa = PBXBuildFile; fileRef = D459C13B1FE6B315000F9611 /* module_argument.cpp */; };
		D459C1931FE6B315000F9611 /* order.cpp in Sources */ = {isa = PBXBuildFile; fileRef = D459C13D1FE6B315000F9611 /* order.cpp */; };
		D459C1941FE6B315000F9611 /* order_term.cpp in Sources */ = {isa = PBXBuildFile; fileRef = D459C13F1FE6B315000F9611 /* order_term.cpp */; };
		D459C1951FE6B315000F9611 /* pragma.cpp in Sources */ = {isa = PBXBuildFile; fileRef = D459C1411FE6B315000F9611 /* pragma.cpp */; };
		D459C1961FE6B315000F9611 /* statement.cpp in Sources */ = {isa = PBXBuildFile; fileRef = D459C1431FE6B315000F9611 /* statement.cpp */; };
		D459C1971FE6B315000F9611 /* statement_alter_table.cpp in Sources */ = {isa = PBXBuildFile; fileRef = D459C1451FE6B315000F9611 /* statement_alter_table.cpp */; };
		D459C1981FE6B315000F9611 /* statement_attach.cpp in Sources */ = {isa = PBXBuildFile; fileRef = D459C1471FE6B315000F9611 /* statement_attach.cpp */; };
		D459C1991FE6B315000F9611 /* statement_create_index.cpp in Sources */ = {isa = PBXBuildFile; fileRef = D459C1491FE6B315000F9611 /* statement_create_index.cpp */; };
		D459C19A1FE6B315000F9611 /* statement_create_table.cpp in Sources */ = {isa = PBXBuildFile; fileRef = D459C14B1FE6B315000F9611 /* statement_create_table.cpp */; };
		D459C19B1FE6B315000F9611 /* statement_create_virtual_table.cpp in Sources */ = {isa = PBXBuildFile; fileRef = D459C14D1FE6B315000F9611 /* statement_create_virtual_table.cpp */; };
		D459C19C1FE6B315000F9611 /* statement_delete.cpp in Sources */ = {isa = PBXBuildFile; fileRef = D459C14F1FE6B315000F9611 /* statement_delete.cpp */; };
		D459C19D1FE6B315000F9611 /* statement_detach.cpp in Sources */ = {isa = PBXBuildFile; fileRef = D459C1511FE6B315000F9611 /* statement_detach.cpp */; };
		D459C19E1FE6B315000F9611 /* statement_drop_index.cpp in Sources */ = {isa = PBXBuildFile; fileRef = D459C1531FE6B315000F9611 /* statement_drop_index.cpp */; };
		D459C19F1FE6B315000F9611 /* statement_drop_table.cpp in Sources */ = {isa = PBXBuildFile; fileRef = D459C1551FE6B315000F9611 /* statement_drop_table.cpp */; };
		D459C1A01FE6B315000F9611 /* statement_explain.cpp in Sources */ = {isa = PBXBuildFile; fileRef = D459C1571FE6B315000F9611 /* statement_explain.cpp */; };
		D459C1A11FE6B315000F9611 /* statement_insert.cpp in Sources */ = {isa = PBXBuildFile; fileRef = D459C1591FE6B315000F9611 /* statement_insert.cpp */; };
		D459C1A21FE6B315000F9611 /* statement_pragma.cpp in Sources */ = {isa = PBXBuildFile; fileRef = D459C15B1FE6B315000F9611 /* statement_pragma.cpp */; };
		D459C1A31FE6B315000F9611 /* statement_reindex.cpp in Sources */ = {isa = PBXBuildFile; fileRef = D459C15D1FE6B315000F9611 /* statement_reindex.cpp */; };
		D459C1A41FE6B315000F9611 /* statement_release.cpp in Sources */ = {isa = PBXBuildFile; fileRef = D459C15F1FE6B315000F9611 /* statement_release.cpp */; };
		D459C1A51FE6B315000F9611 /* statement_rollback.cpp in Sources */ = {isa = PBXBuildFile; fileRef = D459C1611FE6B315000F9611 /* statement_rollback.cpp */; };
		D459C1A61FE6B315000F9611 /* statement_savepoint.cpp in Sources */ = {isa = PBXBuildFile; fileRef = D459C1631FE6B315000F9611 /* statement_savepoint.cpp */; };
		D459C1A71FE6B315000F9611 /* statement_select.cpp in Sources */ = {isa = PBXBuildFile; fileRef = D459C1651FE6B315000F9611 /* statement_select.cpp */; };
		D459C1A81FE6B315000F9611 /* statement_transaction.cpp in Sources */ = {isa = PBXBuildFile; fileRef = D459C1671FE6B315000F9611 /* statement_transaction.cpp */; };
		D459C1A91FE6B315000F9611 /* statement_update.cpp in Sources */ = {isa = PBXBuildFile; fileRef = D459C1691FE6B315000F9611 /* statement_update.cpp */; };
		D459C1AA1FE6B315000F9611 /* statement_vacuum.cpp in Sources */ = {isa = PBXBuildFile; fileRef = D459C16B1FE6B315000F9611 /* statement_vacuum.cpp */; };
		D459C1AB1FE6B315000F9611 /* subquery.cpp in Sources */ = {isa = PBXBuildFile; fileRef = D459C16D1FE6B315000F9611 /* subquery.cpp */; };
		D459C1AC1FE6B315000F9611 /* error.cpp in Sources */ = {isa = PBXBuildFile; fileRef = D459C1711FE6B315000F9611 /* error.cpp */; };
		D459C1AD1FE6B315000F9611 /* file.cpp in Sources */ = {isa = PBXBuildFile; fileRef = D459C1731FE6B315000F9611 /* file.cpp */; };
		D459C1AE1FE6B315000F9611 /* path.cpp in Sources */ = {isa = PBXBuildFile; fileRef = D459C1761FE6B315000F9611 /* path.cpp */; };
		D459C1AF1FE6B315000F9611 /* rwlock.cpp in Sources */ = {isa = PBXBuildFile; fileRef = D459C1791FE6B315000F9611 /* rwlock.cpp */; };
		D459C1B01FE6B315000F9611 /* spin.cpp in Sources */ = {isa = PBXBuildFile; fileRef = D459C17B1FE6B315000F9611 /* spin.cpp */; };
		D459C1B11FE6B315000F9611 /* ticker.cpp in Sources */ = {isa = PBXBuildFile; fileRef = D459C17E1FE6B315000F9611 /* ticker.cpp */; };
		D4D8417E1FB40B520099841A /* main.cpp in Sources */ = {isa = PBXBuildFile; fileRef = D4D8417D1FB40B520099841A /* main.cpp */; };
		D4D841911FB46AAD0099841A /* enable_if_test.cpp in Sources */ = {isa = PBXBuildFile; fileRef = D4D8418F1FB46AAD0099841A /* enable_if_test.cpp */; };
/* End PBXBuildFile section */

/* Begin PBXCopyFilesBuildPhase section */
		D4D841781FB40B520099841A /* CopyFiles */ = {
			isa = PBXCopyFilesBuildPhase;
			buildActionMask = 2147483647;
			dstPath = /usr/share/man/man1/;
			dstSubfolderSpec = 0;
			files = (
			);
			runOnlyForDeploymentPostprocessing = 1;
		};
/* End PBXCopyFilesBuildPhase section */

/* Begin PBXFileReference section */
		D459C0FA1FE6B17C000F9611 /* sqlcipher.framework */ = {isa = PBXFileReference; lastKnownFileType = wrapper.framework; path = sqlcipher.framework; sourceTree = "<group>"; };
		D459C0FE1FE6B236000F9611 /* XXTBaseAccessor.h */ = {isa = PBXFileReference; fileEncoding = 4; lastKnownFileType = sourcecode.c.h; path = XXTBaseAccessor.h; sourceTree = "<group>"; };
		D459C0FF1FE6B236000F9611 /* XXTCppAccessor.h */ = {isa = PBXFileReference; fileEncoding = 4; lastKnownFileType = sourcecode.c.h; path = XXTCppAccessor.h; sourceTree = "<group>"; };
		D459C1001FE6B236000F9611 /* XXTObjCAccessor.h */ = {isa = PBXFileReference; fileEncoding = 4; lastKnownFileType = sourcecode.c.h; path = XXTObjCAccessor.h; sourceTree = "<group>"; };
		D459C1011FE6B236000F9611 /* XXTRuntimeBaseAccessor.h */ = {isa = PBXFileReference; fileEncoding = 4; lastKnownFileType = sourcecode.c.h; path = XXTRuntimeBaseAccessor.h; sourceTree = "<group>"; };
		D459C1021FE6B236000F9611 /* XXTRuntimeBaseAccessor.mm */ = {isa = PBXFileReference; fileEncoding = 4; lastKnownFileType = sourcecode.cpp.objcpp; path = XXTRuntimeBaseAccessor.mm; sourceTree = "<group>"; };
		D459C1031FE6B236000F9611 /* XXTRuntimeCppAccessor.h */ = {isa = PBXFileReference; fileEncoding = 4; lastKnownFileType = sourcecode.c.h; path = XXTRuntimeCppAccessor.h; sourceTree = "<group>"; };
		D459C1041FE6B236000F9611 /* XXTRuntimeObjCAccessor.h */ = {isa = PBXFileReference; fileEncoding = 4; lastKnownFileType = sourcecode.c.h; path = XXTRuntimeObjCAccessor.h; sourceTree = "<group>"; };
		D459C1051FE6B236000F9611 /* XXTRuntimeObjCAccessor.mm */ = {isa = PBXFileReference; fileEncoding = 4; lastKnownFileType = sourcecode.cpp.objcpp; path = XXTRuntimeObjCAccessor.mm; sourceTree = "<group>"; };
		D459C1071FE6B236000F9611 /* XXTBinding.h */ = {isa = PBXFileReference; fileEncoding = 4; lastKnownFileType = sourcecode.c.h; path = XXTBinding.h; sourceTree = "<group>"; };
		D459C1081FE6B236000F9611 /* XXTBinding.mm */ = {isa = PBXFileReference; fileEncoding = 4; lastKnownFileType = sourcecode.cpp.objcpp; path = XXTBinding.mm; sourceTree = "<group>"; };
		D459C1091FE6B236000F9611 /* XXTColumnBinding.h */ = {isa = PBXFileReference; fileEncoding = 4; lastKnownFileType = sourcecode.c.h; path = XXTColumnBinding.h; sourceTree = "<group>"; };
		D459C10A1FE6B236000F9611 /* XXTColumnBinding.mm */ = {isa = PBXFileReference; fileEncoding = 4; lastKnownFileType = sourcecode.cpp.objcpp; path = XXTColumnBinding.mm; sourceTree = "<group>"; };
		D459C10C1FE6B236000F9611 /* XXTCoding.h */ = {isa = PBXFileReference; fileEncoding = 4; lastKnownFileType = sourcecode.c.h; path = XXTCoding.h; sourceTree = "<group>"; };
		D459C10E1FE6B236000F9611 /* XXTDeclare.h */ = {isa = PBXFileReference; fileEncoding = 4; lastKnownFileType = sourcecode.c.h; path = XXTDeclare.h; sourceTree = "<group>"; };
		D459C10F1FE6B236000F9611 /* SNSNewsModelTest.h */ = {isa = PBXFileReference; fileEncoding = 4; lastKnownFileType = sourcecode.c.h; path = SNSNewsModelTest.h; sourceTree = "<group>"; };
		D459C1101FE6B236000F9611 /* SNSNewsModelTest.m */ = {isa = PBXFileReference; fileEncoding = 4; lastKnownFileType = sourcecode.c.objc; path = SNSNewsModelTest.m; sourceTree = "<group>"; };
		D459C1111FE6B236000F9611 /* XXCommonHeader.h */ = {isa = PBXFileReference; fileEncoding = 4; lastKnownFileType = sourcecode.c.h; path = XXCommonHeader.h; sourceTree = "<group>"; };
		D459C1191FE6B315000F9611 /* abstract.h */ = {isa = PBXFileReference; fileEncoding = 4; lastKnownFileType = sourcecode.c.h; path = abstract.h; sourceTree = "<group>"; };
		D459C11A1FE6B315000F9611 /* clause_join.cpp */ = {isa = PBXFileReference; fileEncoding = 4; lastKnownFileType = sourcecode.cpp.cpp; path = clause_join.cpp; sourceTree = "<group>"; };
		D459C11B1FE6B315000F9611 /* clause_join.hpp */ = {isa = PBXFileReference; fileEncoding = 4; lastKnownFileType = sourcecode.cpp.h; path = clause_join.hpp; sourceTree = "<group>"; };
		D459C11C1FE6B315000F9611 /* column.cpp */ = {isa = PBXFileReference; fileEncoding = 4; lastKnownFileType = sourcecode.cpp.cpp; path = column.cpp; sourceTree = "<group>"; };
		D459C11D1FE6B315000F9611 /* column.hpp */ = {isa = PBXFileReference; fileEncoding = 4; lastKnownFileType = sourcecode.cpp.h; path = column.hpp; sourceTree = "<group>"; };
		D459C11E1FE6B315000F9611 /* column_def.cpp */ = {isa = PBXFileReference; fileEncoding = 4; lastKnownFileType = sourcecode.cpp.cpp; path = column_def.cpp; sourceTree = "<group>"; };
		D459C11F1FE6B315000F9611 /* column_def.hpp */ = {isa = PBXFileReference; fileEncoding = 4; lastKnownFileType = sourcecode.cpp.h; path = column_def.hpp; sourceTree = "<group>"; };
		D459C1201FE6B315000F9611 /* column_index.cpp */ = {isa = PBXFileReference; fileEncoding = 4; lastKnownFileType = sourcecode.cpp.cpp; path = column_index.cpp; sourceTree = "<group>"; };
		D459C1211FE6B315000F9611 /* column_index.hpp */ = {isa = PBXFileReference; fileEncoding = 4; lastKnownFileType = sourcecode.cpp.h; path = column_index.hpp; sourceTree = "<group>"; };
		D459C1221FE6B315000F9611 /* column_result.cpp */ = {isa = PBXFileReference; fileEncoding = 4; lastKnownFileType = sourcecode.cpp.cpp; path = column_result.cpp; sourceTree = "<group>"; };
		D459C1231FE6B315000F9611 /* column_result.hpp */ = {isa = PBXFileReference; fileEncoding = 4; lastKnownFileType = sourcecode.cpp.h; path = column_result.hpp; sourceTree = "<group>"; };
		D459C1241FE6B315000F9611 /* column_type.cpp */ = {isa = PBXFileReference; fileEncoding = 4; lastKnownFileType = sourcecode.cpp.cpp; path = column_type.cpp; sourceTree = "<group>"; };
		D459C1251FE6B315000F9611 /* column_type.hpp */ = {isa = PBXFileReference; fileEncoding = 4; lastKnownFileType = sourcecode.cpp.h; path = column_type.hpp; sourceTree = "<group>"; };
		D459C1261FE6B315000F9611 /* conflict.cpp */ = {isa = PBXFileReference; fileEncoding = 4; lastKnownFileType = sourcecode.cpp.cpp; path = conflict.cpp; sourceTree = "<group>"; };
		D459C1271FE6B315000F9611 /* conflict.hpp */ = {isa = PBXFileReference; fileEncoding = 4; lastKnownFileType = sourcecode.cpp.h; path = conflict.hpp; sourceTree = "<group>"; };
		D459C1281FE6B315000F9611 /* constraint_table.cpp */ = {isa = PBXFileReference; fileEncoding = 4; lastKnownFileType = sourcecode.cpp.cpp; path = constraint_table.cpp; sourceTree = "<group>"; };
		D459C1291FE6B315000F9611 /* constraint_table.hpp */ = {isa = PBXFileReference; fileEncoding = 4; lastKnownFileType = sourcecode.cpp.h; path = constraint_table.hpp; sourceTree = "<group>"; };
		D459C12A1FE6B315000F9611 /* declare.hpp */ = {isa = PBXFileReference; fileEncoding = 4; lastKnownFileType = sourcecode.cpp.h; path = declare.hpp; sourceTree = "<group>"; };
		D459C12B1FE6B315000F9611 /* describable.cpp */ = {isa = PBXFileReference; fileEncoding = 4; lastKnownFileType = sourcecode.cpp.cpp; path = describable.cpp; sourceTree = "<group>"; };
		D459C12C1FE6B315000F9611 /* describable.hpp */ = {isa = PBXFileReference; fileEncoding = 4; lastKnownFileType = sourcecode.cpp.h; path = describable.hpp; sourceTree = "<group>"; };
		D459C12D1FE6B315000F9611 /* expr.cpp */ = {isa = PBXFileReference; fileEncoding = 4; lastKnownFileType = sourcecode.cpp.cpp; path = expr.cpp; sourceTree = "<group>"; };
		D459C12E1FE6B315000F9611 /* expr.hpp */ = {isa = PBXFileReference; fileEncoding = 4; lastKnownFileType = sourcecode.cpp.h; path = expr.hpp; sourceTree = "<group>"; };
		D459C12F1FE6B315000F9611 /* foreign_key.cpp */ = {isa = PBXFileReference; fileEncoding = 4; lastKnownFileType = sourcecode.cpp.cpp; path = foreign_key.cpp; sourceTree = "<group>"; };
		D459C1301FE6B315000F9611 /* foreign_key.hpp */ = {isa = PBXFileReference; fileEncoding = 4; lastKnownFileType = sourcecode.cpp.h; path = foreign_key.hpp; sourceTree = "<group>"; };
		D459C1311FE6B315000F9611 /* fts_module.cpp */ = {isa = PBXFileReference; fileEncoding = 4; lastKnownFileType = sourcecode.cpp.cpp; path = fts_module.cpp; sourceTree = "<group>"; };
		D459C1321FE6B315000F9611 /* fts_module.hpp */ = {isa = PBXFileReference; fileEncoding = 4; lastKnownFileType = sourcecode.cpp.h; path = fts_module.hpp; sourceTree = "<group>"; };
		D459C1331FE6B315000F9611 /* fts_modules.cpp */ = {isa = PBXFileReference; fileEncoding = 4; lastKnownFileType = sourcecode.cpp.cpp; path = fts_modules.cpp; sourceTree = "<group>"; };
		D459C1341FE6B315000F9611 /* fts_modules.hpp */ = {isa = PBXFileReference; fileEncoding = 4; lastKnownFileType = sourcecode.cpp.h; path = fts_modules.hpp; sourceTree = "<group>"; };
		D459C1351FE6B315000F9611 /* handle.cpp */ = {isa = PBXFileReference; fileEncoding = 4; lastKnownFileType = sourcecode.cpp.cpp; path = handle.cpp; sourceTree = "<group>"; };
		D459C1361FE6B315000F9611 /* handle.hpp */ = {isa = PBXFileReference; fileEncoding = 4; lastKnownFileType = sourcecode.cpp.h; path = handle.hpp; sourceTree = "<group>"; };
		D459C1371FE6B315000F9611 /* handle_statement.cpp */ = {isa = PBXFileReference; fileEncoding = 4; lastKnownFileType = sourcecode.cpp.cpp; path = handle_statement.cpp; sourceTree = "<group>"; };
		D459C1381FE6B315000F9611 /* handle_statement.hpp */ = {isa = PBXFileReference; fileEncoding = 4; lastKnownFileType = sourcecode.cpp.h; path = handle_statement.hpp; sourceTree = "<group>"; };
		D459C1391FE6B315000F9611 /* literal_value.cpp */ = {isa = PBXFileReference; fileEncoding = 4; lastKnownFileType = sourcecode.cpp.cpp; path = literal_value.cpp; sourceTree = "<group>"; };
		D459C13A1FE6B315000F9611 /* literal_value.hpp */ = {isa = PBXFileReference; fileEncoding = 4; lastKnownFileType = sourcecode.cpp.h; path = literal_value.hpp; sourceTree = "<group>"; };
		D459C13B1FE6B315000F9611 /* module_argument.cpp */ = {isa = PBXFileReference; fileEncoding = 4; lastKnownFileType = sourcecode.cpp.cpp; path = module_argument.cpp; sourceTree = "<group>"; };
		D459C13C1FE6B315000F9611 /* module_argument.hpp */ = {isa = PBXFileReference; fileEncoding = 4; lastKnownFileType = sourcecode.cpp.h; path = module_argument.hpp; sourceTree = "<group>"; };
		D459C13D1FE6B315000F9611 /* order.cpp */ = {isa = PBXFileReference; fileEncoding = 4; lastKnownFileType = sourcecode.cpp.cpp; path = order.cpp; sourceTree = "<group>"; };
		D459C13E1FE6B315000F9611 /* order.hpp */ = {isa = PBXFileReference; fileEncoding = 4; lastKnownFileType = sourcecode.cpp.h; path = order.hpp; sourceTree = "<group>"; };
		D459C13F1FE6B315000F9611 /* order_term.cpp */ = {isa = PBXFileReference; fileEncoding = 4; lastKnownFileType = sourcecode.cpp.cpp; path = order_term.cpp; sourceTree = "<group>"; };
		D459C1401FE6B315000F9611 /* order_term.hpp */ = {isa = PBXFileReference; fileEncoding = 4; lastKnownFileType = sourcecode.cpp.h; path = order_term.hpp; sourceTree = "<group>"; };
		D459C1411FE6B315000F9611 /* pragma.cpp */ = {isa = PBXFileReference; fileEncoding = 4; lastKnownFileType = sourcecode.cpp.cpp; path = pragma.cpp; sourceTree = "<group>"; };
		D459C1421FE6B315000F9611 /* pragma.hpp */ = {isa = PBXFileReference; fileEncoding = 4; lastKnownFileType = sourcecode.cpp.h; path = pragma.hpp; sourceTree = "<group>"; };
		D459C1431FE6B315000F9611 /* statement.cpp */ = {isa = PBXFileReference; fileEncoding = 4; lastKnownFileType = sourcecode.cpp.cpp; path = statement.cpp; sourceTree = "<group>"; };
		D459C1441FE6B315000F9611 /* statement.hpp */ = {isa = PBXFileReference; fileEncoding = 4; lastKnownFileType = sourcecode.cpp.h; path = statement.hpp; sourceTree = "<group>"; };
		D459C1451FE6B315000F9611 /* statement_alter_table.cpp */ = {isa = PBXFileReference; fileEncoding = 4; lastKnownFileType = sourcecode.cpp.cpp; path = statement_alter_table.cpp; sourceTree = "<group>"; };
		D459C1461FE6B315000F9611 /* statement_alter_table.hpp */ = {isa = PBXFileReference; fileEncoding = 4; lastKnownFileType = sourcecode.cpp.h; path = statement_alter_table.hpp; sourceTree = "<group>"; };
		D459C1471FE6B315000F9611 /* statement_attach.cpp */ = {isa = PBXFileReference; fileEncoding = 4; lastKnownFileType = sourcecode.cpp.cpp; path = statement_attach.cpp; sourceTree = "<group>"; };
		D459C1481FE6B315000F9611 /* statement_attach.hpp */ = {isa = PBXFileReference; fileEncoding = 4; lastKnownFileType = sourcecode.cpp.h; path = statement_attach.hpp; sourceTree = "<group>"; };
		D459C1491FE6B315000F9611 /* statement_create_index.cpp */ = {isa = PBXFileReference; fileEncoding = 4; lastKnownFileType = sourcecode.cpp.cpp; path = statement_create_index.cpp; sourceTree = "<group>"; };
		D459C14A1FE6B315000F9611 /* statement_create_index.hpp */ = {isa = PBXFileReference; fileEncoding = 4; lastKnownFileType = sourcecode.cpp.h; path = statement_create_index.hpp; sourceTree = "<group>"; };
		D459C14B1FE6B315000F9611 /* statement_create_table.cpp */ = {isa = PBXFileReference; fileEncoding = 4; lastKnownFileType = sourcecode.cpp.cpp; path = statement_create_table.cpp; sourceTree = "<group>"; };
		D459C14C1FE6B315000F9611 /* statement_create_table.hpp */ = {isa = PBXFileReference; fileEncoding = 4; lastKnownFileType = sourcecode.cpp.h; path = statement_create_table.hpp; sourceTree = "<group>"; };
		D459C14D1FE6B315000F9611 /* statement_create_virtual_table.cpp */ = {isa = PBXFileReference; fileEncoding = 4; lastKnownFileType = sourcecode.cpp.cpp; path = statement_create_virtual_table.cpp; sourceTree = "<group>"; };
		D459C14E1FE6B315000F9611 /* statement_create_virtual_table.hpp */ = {isa = PBXFileReference; fileEncoding = 4; lastKnownFileType = sourcecode.cpp.h; path = statement_create_virtual_table.hpp; sourceTree = "<group>"; };
		D459C14F1FE6B315000F9611 /* statement_delete.cpp */ = {isa = PBXFileReference; fileEncoding = 4; lastKnownFileType = sourcecode.cpp.cpp; path = statement_delete.cpp; sourceTree = "<group>"; };
		D459C1501FE6B315000F9611 /* statement_delete.hpp */ = {isa = PBXFileReference; fileEncoding = 4; lastKnownFileType = sourcecode.cpp.h; path = statement_delete.hpp; sourceTree = "<group>"; };
		D459C1511FE6B315000F9611 /* statement_detach.cpp */ = {isa = PBXFileReference; fileEncoding = 4; lastKnownFileType = sourcecode.cpp.cpp; path = statement_detach.cpp; sourceTree = "<group>"; };
		D459C1521FE6B315000F9611 /* statement_detach.hpp */ = {isa = PBXFileReference; fileEncoding = 4; lastKnownFileType = sourcecode.cpp.h; path = statement_detach.hpp; sourceTree = "<group>"; };
		D459C1531FE6B315000F9611 /* statement_drop_index.cpp */ = {isa = PBXFileReference; fileEncoding = 4; lastKnownFileType = sourcecode.cpp.cpp; path = statement_drop_index.cpp; sourceTree = "<group>"; };
		D459C1541FE6B315000F9611 /* statement_drop_index.hpp */ = {isa = PBXFileReference; fileEncoding = 4; lastKnownFileType = sourcecode.cpp.h; path = statement_drop_index.hpp; sourceTree = "<group>"; };
		D459C1551FE6B315000F9611 /* statement_drop_table.cpp */ = {isa = PBXFileReference; fileEncoding = 4; lastKnownFileType = sourcecode.cpp.cpp; path = statement_drop_table.cpp; sourceTree = "<group>"; };
		D459C1561FE6B315000F9611 /* statement_drop_table.hpp */ = {isa = PBXFileReference; fileEncoding = 4; lastKnownFileType = sourcecode.cpp.h; path = statement_drop_table.hpp; sourceTree = "<group>"; };
		D459C1571FE6B315000F9611 /* statement_explain.cpp */ = {isa = PBXFileReference; fileEncoding = 4; lastKnownFileType = sourcecode.cpp.cpp; path = statement_explain.cpp; sourceTree = "<group>"; };
		D459C1581FE6B315000F9611 /* statement_explain.hpp */ = {isa = PBXFileReference; fileEncoding = 4; lastKnownFileType = sourcecode.cpp.h; path = statement_explain.hpp; sourceTree = "<group>"; };
		D459C1591FE6B315000F9611 /* statement_insert.cpp */ = {isa = PBXFileReference; fileEncoding = 4; lastKnownFileType = sourcecode.cpp.cpp; path = statement_insert.cpp; sourceTree = "<group>"; };
		D459C15A1FE6B315000F9611 /* statement_insert.hpp */ = {isa = PBXFileReference; fileEncoding = 4; lastKnownFileType = sourcecode.cpp.h; path = statement_insert.hpp; sourceTree = "<group>"; };
		D459C15B1FE6B315000F9611 /* statement_pragma.cpp */ = {isa = PBXFileReference; fileEncoding = 4; lastKnownFileType = sourcecode.cpp.cpp; path = statement_pragma.cpp; sourceTree = "<group>"; };
		D459C15C1FE6B315000F9611 /* statement_pragma.hpp */ = {isa = PBXFileReference; fileEncoding = 4; lastKnownFileType = sourcecode.cpp.h; path = statement_pragma.hpp; sourceTree = "<group>"; };
		D459C15D1FE6B315000F9611 /* statement_reindex.cpp */ = {isa = PBXFileReference; fileEncoding = 4; lastKnownFileType = sourcecode.cpp.cpp; path = statement_reindex.cpp; sourceTree = "<group>"; };
		D459C15E1FE6B315000F9611 /* statement_reindex.hpp */ = {isa = PBXFileReference; fileEncoding = 4; lastKnownFileType = sourcecode.cpp.h; path = statement_reindex.hpp; sourceTree = "<group>"; };
		D459C15F1FE6B315000F9611 /* statement_release.cpp */ = {isa = PBXFileReference; fileEncoding = 4; lastKnownFileType = sourcecode.cpp.cpp; path = statement_release.cpp; sourceTree = "<group>"; };
		D459C1601FE6B315000F9611 /* statement_release.hpp */ = {isa = PBXFileReference; fileEncoding = 4; lastKnownFileType = sourcecode.cpp.h; path = statement_release.hpp; sourceTree = "<group>"; };
		D459C1611FE6B315000F9611 /* statement_rollback.cpp */ = {isa = PBXFileReference; fileEncoding = 4; lastKnownFileType = sourcecode.cpp.cpp; path = statement_rollback.cpp; sourceTree = "<group>"; };
		D459C1621FE6B315000F9611 /* statement_rollback.hpp */ = {isa = PBXFileReference; fileEncoding = 4; lastKnownFileType = sourcecode.cpp.h; path = statement_rollback.hpp; sourceTree = "<group>"; };
		D459C1631FE6B315000F9611 /* statement_savepoint.cpp */ = {isa = PBXFileReference; fileEncoding = 4; lastKnownFileType = sourcecode.cpp.cpp; path = statement_savepoint.cpp; sourceTree = "<group>"; };
		D459C1641FE6B315000F9611 /* statement_savepoint.hpp */ = {isa = PBXFileReference; fileEncoding = 4; lastKnownFileType = sourcecode.cpp.h; path = statement_savepoint.hpp; sourceTree = "<group>"; };
		D459C1651FE6B315000F9611 /* statement_select.cpp */ = {isa = PBXFileReference; fileEncoding = 4; lastKnownFileType = sourcecode.cpp.cpp; path = statement_select.cpp; sourceTree = "<group>"; };
		D459C1661FE6B315000F9611 /* statement_select.hpp */ = {isa = PBXFileReference; fileEncoding = 4; lastKnownFileType = sourcecode.cpp.h; path = statement_select.hpp; sourceTree = "<group>"; };
		D459C1671FE6B315000F9611 /* statement_transaction.cpp */ = {isa = PBXFileReference; fileEncoding = 4; lastKnownFileType = sourcecode.cpp.cpp; path = statement_transaction.cpp; sourceTree = "<group>"; };
		D459C1681FE6B315000F9611 /* statement_transaction.hpp */ = {isa = PBXFileReference; fileEncoding = 4; lastKnownFileType = sourcecode.cpp.h; path = statement_transaction.hpp; sourceTree = "<group>"; };
		D459C1691FE6B315000F9611 /* statement_update.cpp */ = {isa = PBXFileReference; fileEncoding = 4; lastKnownFileType = sourcecode.cpp.cpp; path = statement_update.cpp; sourceTree = "<group>"; };
		D459C16A1FE6B315000F9611 /* statement_update.hpp */ = {isa = PBXFileReference; fileEncoding = 4; lastKnownFileType = sourcecode.cpp.h; path = statement_update.hpp; sourceTree = "<group>"; };
		D459C16B1FE6B315000F9611 /* statement_vacuum.cpp */ = {isa = PBXFileReference; fileEncoding = 4; lastKnownFileType = sourcecode.cpp.cpp; path = statement_vacuum.cpp; sourceTree = "<group>"; };
		D459C16C1FE6B315000F9611 /* statement_vacuum.hpp */ = {isa = PBXFileReference; fileEncoding = 4; lastKnownFileType = sourcecode.cpp.h; path = statement_vacuum.hpp; sourceTree = "<group>"; };
		D459C16D1FE6B315000F9611 /* subquery.cpp */ = {isa = PBXFileReference; fileEncoding = 4; lastKnownFileType = sourcecode.cpp.cpp; path = subquery.cpp; sourceTree = "<group>"; };
		D459C16E1FE6B315000F9611 /* subquery.hpp */ = {isa = PBXFileReference; fileEncoding = 4; lastKnownFileType = sourcecode.cpp.h; path = subquery.hpp; sourceTree = "<group>"; };
		D459C1701FE6B315000F9611 /* concurrent_list.hpp */ = {isa = PBXFileReference; fileEncoding = 4; lastKnownFileType = sourcecode.cpp.h; path = concurrent_list.hpp; sourceTree = "<group>"; };
		D459C1711FE6B315000F9611 /* error.cpp */ = {isa = PBXFileReference; fileEncoding = 4; lastKnownFileType = sourcecode.cpp.cpp; path = error.cpp; sourceTree = "<group>"; };
		D459C1721FE6B315000F9611 /* error.hpp */ = {isa = PBXFileReference; fileEncoding = 4; lastKnownFileType = sourcecode.cpp.h; path = error.hpp; sourceTree = "<group>"; };
		D459C1731FE6B315000F9611 /* file.cpp */ = {isa = PBXFileReference; fileEncoding = 4; lastKnownFileType = sourcecode.cpp.cpp; path = file.cpp; sourceTree = "<group>"; };
		D459C1741FE6B315000F9611 /* file.hpp */ = {isa = PBXFileReference; fileEncoding = 4; lastKnownFileType = sourcecode.cpp.h; path = file.hpp; sourceTree = "<group>"; };
		D459C1751FE6B315000F9611 /* macro.hpp */ = {isa = PBXFileReference; fileEncoding = 4; lastKnownFileType = sourcecode.cpp.h; path = macro.hpp; sourceTree = "<group>"; };
		D459C1761FE6B315000F9611 /* path.cpp */ = {isa = PBXFileReference; fileEncoding = 4; lastKnownFileType = sourcecode.cpp.cpp; path = path.cpp; sourceTree = "<group>"; };
		D459C1771FE6B315000F9611 /* path.hpp */ = {isa = PBXFileReference; fileEncoding = 4; lastKnownFileType = sourcecode.cpp.h; path = path.hpp; sourceTree = "<group>"; };
		D459C1781FE6B315000F9611 /* recyclable.hpp */ = {isa = PBXFileReference; fileEncoding = 4; lastKnownFileType = sourcecode.cpp.h; path = recyclable.hpp; sourceTree = "<group>"; };
		D459C1791FE6B315000F9611 /* rwlock.cpp */ = {isa = PBXFileReference; fileEncoding = 4; lastKnownFileType = sourcecode.cpp.cpp; path = rwlock.cpp; sourceTree = "<group>"; };
		D459C17A1FE6B315000F9611 /* rwlock.hpp */ = {isa = PBXFileReference; fileEncoding = 4; lastKnownFileType = sourcecode.cpp.h; path = rwlock.hpp; sourceTree = "<group>"; };
		D459C17B1FE6B315000F9611 /* spin.cpp */ = {isa = PBXFileReference; fileEncoding = 4; lastKnownFileType = sourcecode.cpp.cpp; path = spin.cpp; sourceTree = "<group>"; };
		D459C17C1FE6B315000F9611 /* spin.hpp */ = {isa = PBXFileReference; fileEncoding = 4; lastKnownFileType = sourcecode.cpp.h; path = spin.hpp; sourceTree = "<group>"; };
		D459C17D1FE6B315000F9611 /* thread_local.hpp */ = {isa = PBXFileReference; fileEncoding = 4; lastKnownFileType = sourcecode.cpp.h; path = thread_local.hpp; sourceTree = "<group>"; };
		D459C17E1FE6B315000F9611 /* ticker.cpp */ = {isa = PBXFileReference; fileEncoding = 4; lastKnownFileType = sourcecode.cpp.cpp; path = ticker.cpp; sourceTree = "<group>"; };
		D459C17F1FE6B315000F9611 /* ticker.hpp */ = {isa = PBXFileReference; fileEncoding = 4; lastKnownFileType = sourcecode.cpp.h; path = ticker.hpp; sourceTree = "<group>"; };
		D459C1801FE6B315000F9611 /* timed_queue.hpp */ = {isa = PBXFileReference; fileEncoding = 4; lastKnownFileType = sourcecode.cpp.h; path = timed_queue.hpp; sourceTree = "<group>"; };
		D459C1811FE6B315000F9611 /* utility.hpp */ = {isa = PBXFileReference; fileEncoding = 4; lastKnownFileType = sourcecode.cpp.h; path = utility.hpp; sourceTree = "<group>"; };
		D48095E41FD2F3E800EBD157 /* true_false_type-Read.h */ = {isa = PBXFileReference; lastKnownFileType = sourcecode.c.h; path = "true_false_type-Read.h"; sourceTree = "<group>"; };
		D48095E51FD2F40B00EBD157 /* is_convertible-Read.h */ = {isa = PBXFileReference; lastKnownFileType = sourcecode.c.h; path = "is_convertible-Read.h"; sourceTree = "<group>"; };
		D4CE2B111FBEE04F00F827E2 /* operator-Read.h */ = {isa = PBXFileReference; lastKnownFileType = sourcecode.c.h; path = "operator-Read.h"; sourceTree = "<group>"; };
		D4CE2B121FC06EAF00F827E2 /* explicit-Read.h */ = {isa = PBXFileReference; lastKnownFileType = sourcecode.c.h; path = "explicit-Read.h"; sourceTree = "<group>"; };
		D4D08D761FC9A6A900CBBA42 /* decltype-Read.h */ = {isa = PBXFileReference; lastKnownFileType = sourcecode.c.h; path = "decltype-Read.h"; sourceTree = "<group>"; };
		D4D08D771FC9AB1800CBBA42 /* false_type_read.h */ = {isa = PBXFileReference; lastKnownFileType = sourcecode.c.h; path = false_type_read.h; sourceTree = "<group>"; };
		D4D8417A1FB40B520099841A /* C-P-P-Learning */ = {isa = PBXFileReference; explicitFileType = "compiled.mach-o.executable"; includeInIndex = 0; path = "C-P-P-Learning"; sourceTree = BUILT_PRODUCTS_DIR; };
		D4D8417D1FB40B520099841A /* main.cpp */ = {isa = PBXFileReference; lastKnownFileType = sourcecode.cpp.cpp; path = main.cpp; sourceTree = "<group>"; };
		D4D841891FB4308F0099841A /* typeName-Read.h */ = {isa = PBXFileReference; lastKnownFileType = sourcecode.c.h; path = "typeName-Read.h"; sourceTree = "<group>"; };
		D4D8418D1FB432B20099841A /* std-Read.h */ = {isa = PBXFileReference; lastKnownFileType = sourcecode.c.h; path = "std-Read.h"; sourceTree = "<group>"; };
		D4D8418F1FB46AAD0099841A /* enable_if_test.cpp */ = {isa = PBXFileReference; lastKnownFileType = sourcecode.cpp.cpp; path = enable_if_test.cpp; sourceTree = "<group>"; };
		D4D841901FB46AAD0099841A /* enable_if_test.h */ = {isa = PBXFileReference; lastKnownFileType = sourcecode.c.h; path = enable_if_test.h; sourceTree = "<group>"; };
		D4D841921FB46C650099841A /* Template-Read.hpp */ = {isa = PBXFileReference; lastKnownFileType = sourcecode.cpp.h; path = "Template-Read.hpp"; sourceTree = "<group>"; };
		D4D841A41FB54DF30099841A /* const-constexpr.h */ = {isa = PBXFileReference; lastKnownFileType = sourcecode.c.h; path = "const-constexpr.h"; sourceTree = "<group>"; };
		D4D841AB1FB5582A0099841A /* std_string-Read.h */ = {isa = PBXFileReference; lastKnownFileType = sourcecode.c.h; path = "std_string-Read.h"; sourceTree = "<group>"; };
/* End PBXFileReference section */

/* Begin PBXFrameworksBuildPhase section */
		D4D841771FB40B520099841A /* Frameworks */ = {
			isa = PBXFrameworksBuildPhase;
			buildActionMask = 2147483647;
			files = (
				D459C0FB1FE6B17C000F9611 /* sqlcipher.framework in Frameworks */,
			);
			runOnlyForDeploymentPostprocessing = 0;
		};
/* End PBXFrameworksBuildPhase section */

/* Begin PBXGroup section */
		D459C0F91FE6B17B000F9611 /* Frameworks */ = {
			isa = PBXGroup;
			children = (
				D459C0FA1FE6B17C000F9611 /* sqlcipher.framework */,
			);
			name = Frameworks;
			sourceTree = "<group>";
		};
		D459C0FC1FE6B236000F9611 /* Orm */ = {
			isa = PBXGroup;
			children = (
				D459C0FD1FE6B236000F9611 /* accessor */,
				D459C1061FE6B236000F9611 /* binding */,
				D459C10B1FE6B236000F9611 /* coding */,
				D459C10D1FE6B236000F9611 /* declare */,
				D459C10F1FE6B236000F9611 /* SNSNewsModelTest.h */,
				D459C1101FE6B236000F9611 /* SNSNewsModelTest.m */,
				D459C1111FE6B236000F9611 /* XXCommonHeader.h */,
			);
			path = Orm;
			sourceTree = "<group>";
		};
		D459C0FD1FE6B236000F9611 /* accessor */ = {
			isa = PBXGroup;
			children = (
				D459C0FE1FE6B236000F9611 /* XXTBaseAccessor.h */,
				D459C0FF1FE6B236000F9611 /* XXTCppAccessor.h */,
				D459C1001FE6B236000F9611 /* XXTObjCAccessor.h */,
				D459C1011FE6B236000F9611 /* XXTRuntimeBaseAccessor.h */,
				D459C1021FE6B236000F9611 /* XXTRuntimeBaseAccessor.mm */,
				D459C1031FE6B236000F9611 /* XXTRuntimeCppAccessor.h */,
				D459C1041FE6B236000F9611 /* XXTRuntimeObjCAccessor.h */,
				D459C1051FE6B236000F9611 /* XXTRuntimeObjCAccessor.mm */,
			);
			path = accessor;
			sourceTree = "<group>";
		};
		D459C1061FE6B236000F9611 /* binding */ = {
			isa = PBXGroup;
			children = (
				D459C1071FE6B236000F9611 /* XXTBinding.h */,
				D459C1081FE6B236000F9611 /* XXTBinding.mm */,
				D459C1091FE6B236000F9611 /* XXTColumnBinding.h */,
				D459C10A1FE6B236000F9611 /* XXTColumnBinding.mm */,
			);
			path = binding;
			sourceTree = "<group>";
		};
		D459C10B1FE6B236000F9611 /* coding */ = {
			isa = PBXGroup;
			children = (
				D459C10C1FE6B236000F9611 /* XXTCoding.h */,
			);
			path = coding;
			sourceTree = "<group>";
		};
		D459C10D1FE6B236000F9611 /* declare */ = {
			isa = PBXGroup;
			children = (
				D459C10E1FE6B236000F9611 /* XXTDeclare.h */,
			);
			path = declare;
			sourceTree = "<group>";
		};
		D459C1171FE6B315000F9611 /* Core */ = {
			isa = PBXGroup;
			children = (
				D459C1181FE6B315000F9611 /* abstract */,
				D459C16F1FE6B315000F9611 /* util */,
			);
			path = Core;
			sourceTree = "<group>";
		};
		D459C1181FE6B315000F9611 /* abstract */ = {
			isa = PBXGroup;
			children = (
				D459C1191FE6B315000F9611 /* abstract.h */,
				D459C11A1FE6B315000F9611 /* clause_join.cpp */,
				D459C11B1FE6B315000F9611 /* clause_join.hpp */,
				D459C11C1FE6B315000F9611 /* column.cpp */,
				D459C11D1FE6B315000F9611 /* column.hpp */,
				D459C11E1FE6B315000F9611 /* column_def.cpp */,
				D459C11F1FE6B315000F9611 /* column_def.hpp */,
				D459C1201FE6B315000F9611 /* column_index.cpp */,
				D459C1211FE6B315000F9611 /* column_index.hpp */,
				D459C1221FE6B315000F9611 /* column_result.cpp */,
				D459C1231FE6B315000F9611 /* column_result.hpp */,
				D459C1241FE6B315000F9611 /* column_type.cpp */,
				D459C1251FE6B315000F9611 /* column_type.hpp */,
				D459C1261FE6B315000F9611 /* conflict.cpp */,
				D459C1271FE6B315000F9611 /* conflict.hpp */,
				D459C1281FE6B315000F9611 /* constraint_table.cpp */,
				D459C1291FE6B315000F9611 /* constraint_table.hpp */,
				D459C12A1FE6B315000F9611 /* declare.hpp */,
				D459C12B1FE6B315000F9611 /* describable.cpp */,
				D459C12C1FE6B315000F9611 /* describable.hpp */,
				D459C12D1FE6B315000F9611 /* expr.cpp */,
				D459C12E1FE6B315000F9611 /* expr.hpp */,
				D459C12F1FE6B315000F9611 /* foreign_key.cpp */,
				D459C1301FE6B315000F9611 /* foreign_key.hpp */,
				D459C1311FE6B315000F9611 /* fts_module.cpp */,
				D459C1321FE6B315000F9611 /* fts_module.hpp */,
				D459C1331FE6B315000F9611 /* fts_modules.cpp */,
				D459C1341FE6B315000F9611 /* fts_modules.hpp */,
				D459C1351FE6B315000F9611 /* handle.cpp */,
				D459C1361FE6B315000F9611 /* handle.hpp */,
				D459C1371FE6B315000F9611 /* handle_statement.cpp */,
				D459C1381FE6B315000F9611 /* handle_statement.hpp */,
				D459C1391FE6B315000F9611 /* literal_value.cpp */,
				D459C13A1FE6B315000F9611 /* literal_value.hpp */,
				D459C13B1FE6B315000F9611 /* module_argument.cpp */,
				D459C13C1FE6B315000F9611 /* module_argument.hpp */,
				D459C13D1FE6B315000F9611 /* order.cpp */,
				D459C13E1FE6B315000F9611 /* order.hpp */,
				D459C13F1FE6B315000F9611 /* order_term.cpp */,
				D459C1401FE6B315000F9611 /* order_term.hpp */,
				D459C1411FE6B315000F9611 /* pragma.cpp */,
				D459C1421FE6B315000F9611 /* pragma.hpp */,
				D459C1431FE6B315000F9611 /* statement.cpp */,
				D459C1441FE6B315000F9611 /* statement.hpp */,
				D459C1451FE6B315000F9611 /* statement_alter_table.cpp */,
				D459C1461FE6B315000F9611 /* statement_alter_table.hpp */,
				D459C1471FE6B315000F9611 /* statement_attach.cpp */,
				D459C1481FE6B315000F9611 /* statement_attach.hpp */,
				D459C1491FE6B315000F9611 /* statement_create_index.cpp */,
				D459C14A1FE6B315000F9611 /* statement_create_index.hpp */,
				D459C14B1FE6B315000F9611 /* statement_create_table.cpp */,
				D459C14C1FE6B315000F9611 /* statement_create_table.hpp */,
				D459C14D1FE6B315000F9611 /* statement_create_virtual_table.cpp */,
				D459C14E1FE6B315000F9611 /* statement_create_virtual_table.hpp */,
				D459C14F1FE6B315000F9611 /* statement_delete.cpp */,
				D459C1501FE6B315000F9611 /* statement_delete.hpp */,
				D459C1511FE6B315000F9611 /* statement_detach.cpp */,
				D459C1521FE6B315000F9611 /* statement_detach.hpp */,
				D459C1531FE6B315000F9611 /* statement_drop_index.cpp */,
				D459C1541FE6B315000F9611 /* statement_drop_index.hpp */,
				D459C1551FE6B315000F9611 /* statement_drop_table.cpp */,
				D459C1561FE6B315000F9611 /* statement_drop_table.hpp */,
				D459C1571FE6B315000F9611 /* statement_explain.cpp */,
				D459C1581FE6B315000F9611 /* statement_explain.hpp */,
				D459C1591FE6B315000F9611 /* statement_insert.cpp */,
				D459C15A1FE6B315000F9611 /* statement_insert.hpp */,
				D459C15B1FE6B315000F9611 /* statement_pragma.cpp */,
				D459C15C1FE6B315000F9611 /* statement_pragma.hpp */,
				D459C15D1FE6B315000F9611 /* statement_reindex.cpp */,
				D459C15E1FE6B315000F9611 /* statement_reindex.hpp */,
				D459C15F1FE6B315000F9611 /* statement_release.cpp */,
				D459C1601FE6B315000F9611 /* statement_release.hpp */,
				D459C1611FE6B315000F9611 /* statement_rollback.cpp */,
				D459C1621FE6B315000F9611 /* statement_rollback.hpp */,
				D459C1631FE6B315000F9611 /* statement_savepoint.cpp */,
				D459C1641FE6B315000F9611 /* statement_savepoint.hpp */,
				D459C1651FE6B315000F9611 /* statement_select.cpp */,
				D459C1661FE6B315000F9611 /* statement_select.hpp */,
				D459C1671FE6B315000F9611 /* statement_transaction.cpp */,
				D459C1681FE6B315000F9611 /* statement_transaction.hpp */,
				D459C1691FE6B315000F9611 /* statement_update.cpp */,
				D459C16A1FE6B315000F9611 /* statement_update.hpp */,
				D459C16B1FE6B315000F9611 /* statement_vacuum.cpp */,
				D459C16C1FE6B315000F9611 /* statement_vacuum.hpp */,
				D459C16D1FE6B315000F9611 /* subquery.cpp */,
				D459C16E1FE6B315000F9611 /* subquery.hpp */,
			);
			path = abstract;
			sourceTree = "<group>";
		};
		D459C16F1FE6B315000F9611 /* util */ = {
			isa = PBXGroup;
			children = (
				D459C1701FE6B315000F9611 /* concurrent_list.hpp */,
				D459C1711FE6B315000F9611 /* error.cpp */,
				D459C1721FE6B315000F9611 /* error.hpp */,
				D459C1731FE6B315000F9611 /* file.cpp */,
				D459C1741FE6B315000F9611 /* file.hpp */,
				D459C1751FE6B315000F9611 /* macro.hpp */,
				D459C1761FE6B315000F9611 /* path.cpp */,
				D459C1771FE6B315000F9611 /* path.hpp */,
				D459C1781FE6B315000F9611 /* recyclable.hpp */,
				D459C1791FE6B315000F9611 /* rwlock.cpp */,
				D459C17A1FE6B315000F9611 /* rwlock.hpp */,
				D459C17B1FE6B315000F9611 /* spin.cpp */,
				D459C17C1FE6B315000F9611 /* spin.hpp */,
				D459C17D1FE6B315000F9611 /* thread_local.hpp */,
				D459C17E1FE6B315000F9611 /* ticker.cpp */,
				D459C17F1FE6B315000F9611 /* ticker.hpp */,
				D459C1801FE6B315000F9611 /* timed_queue.hpp */,
				D459C1811FE6B315000F9611 /* utility.hpp */,
			);
			path = util;
			sourceTree = "<group>";
		};
		D4D841711FB40B520099841A = {
			isa = PBXGroup;
			children = (
				D4D8417C1FB40B520099841A /* C-P-P-Learning */,
				D4D8417B1FB40B520099841A /* Products */,
				D459C0F91FE6B17B000F9611 /* Frameworks */,
			);
			sourceTree = "<group>";
		};
		D4D8417B1FB40B520099841A /* Products */ = {
			isa = PBXGroup;
			children = (
				D4D8417A1FB40B520099841A /* C-P-P-Learning */,
			);
			name = Products;
			sourceTree = "<group>";
		};
		D4D8417C1FB40B520099841A /* C-P-P-Learning */ = {
			isa = PBXGroup;
			children = (
				D459C1171FE6B315000F9611 /* Core */,
				D459C0FC1FE6B236000F9611 /* Orm */,
				D4D841881FB4306E0099841A /* C++ Read */,
				D4D8417D1FB40B520099841A /* main.cpp */,
			);
			path = "C-P-P-Learning";
			sourceTree = "<group>";
		};
		D4D841881FB4306E0099841A /* C++ Read */ = {
			isa = PBXGroup;
			children = (
				D4CE2B111FBEE04F00F827E2 /* operator-Read.h */,
				D4D841891FB4308F0099841A /* typeName-Read.h */,
				D4D8418D1FB432B20099841A /* std-Read.h */,
				D4D841901FB46AAD0099841A /* enable_if_test.h */,
				D4D8418F1FB46AAD0099841A /* enable_if_test.cpp */,
				D4D841921FB46C650099841A /* Template-Read.hpp */,
				D4D841A41FB54DF30099841A /* const-constexpr.h */,
				D4D841AB1FB5582A0099841A /* std_string-Read.h */,
				D4CE2B121FC06EAF00F827E2 /* explicit-Read.h */,
				D4D08D761FC9A6A900CBBA42 /* decltype-Read.h */,
				D4D08D771FC9AB1800CBBA42 /* false_type_read.h */,
				D48095E41FD2F3E800EBD157 /* true_false_type-Read.h */,
				D48095E51FD2F40B00EBD157 /* is_convertible-Read.h */,
			);
			path = "C++ Read";
			sourceTree = "<group>";
		};
/* End PBXGroup section */

/* Begin PBXNativeTarget section */
		D4D841791FB40B520099841A /* C-P-P-Learning */ = {
			isa = PBXNativeTarget;
			buildConfigurationList = D4D841811FB40B520099841A /* Build configuration list for PBXNativeTarget "C-P-P-Learning" */;
			buildPhases = (
				D4D841761FB40B520099841A /* Sources */,
				D4D841771FB40B520099841A /* Frameworks */,
				D4D841781FB40B520099841A /* CopyFiles */,
			);
			buildRules = (
			);
			dependencies = (
			);
			name = "C-P-P-Learning";
			productName = "C-P-P-Learning";
			productReference = D4D8417A1FB40B520099841A /* C-P-P-Learning */;
			productType = "com.apple.product-type.tool";
		};
/* End PBXNativeTarget section */

/* Begin PBXProject section */
		D4D841721FB40B520099841A /* Project object */ = {
			isa = PBXProject;
			attributes = {
				LastUpgradeCheck = 0910;
				ORGANIZATIONNAME = YYCoding;
				TargetAttributes = {
					D4D841791FB40B520099841A = {
						CreatedOnToolsVersion = 9.1;
						ProvisioningStyle = Automatic;
					};
				};
			};
			buildConfigurationList = D4D841751FB40B520099841A /* Build configuration list for PBXProject "C-P-P-Learning" */;
			compatibilityVersion = "Xcode 8.0";
			developmentRegion = en;
			hasScannedForEncodings = 0;
			knownRegions = (
				en,
			);
			mainGroup = D4D841711FB40B520099841A;
			productRefGroup = D4D8417B1FB40B520099841A /* Products */;
			projectDirPath = "";
			projectRoot = "";
			targets = (
				D4D841791FB40B520099841A /* C-P-P-Learning */,
			);
		};
/* End PBXProject section */

/* Begin PBXSourcesBuildPhase section */
		D4D841761FB40B520099841A /* Sources */ = {
			isa = PBXSourcesBuildPhase;
			buildActionMask = 2147483647;
			files = (
				D459C18A1FE6B315000F9611 /* describable.cpp in Sources */,
				D459C1A31FE6B315000F9611 /* statement_reindex.cpp in Sources */,
				D459C1A91FE6B315000F9611 /* statement_update.cpp in Sources */,
				D459C1121FE6B236000F9611 /* XXTRuntimeBaseAccessor.mm in Sources */,
				D459C1AC1FE6B315000F9611 /* error.cpp in Sources */,
				D459C1931FE6B315000F9611 /* order.cpp in Sources */,
				D459C1851FE6B315000F9611 /* column_index.cpp in Sources */,
				D459C18F1FE6B315000F9611 /* handle.cpp in Sources */,
				D459C1871FE6B315000F9611 /* column_type.cpp in Sources */,
				D459C1AF1FE6B315000F9611 /* rwlock.cpp in Sources */,
				D459C1A41FE6B315000F9611 /* statement_release.cpp in Sources */,
				D459C1A51FE6B315000F9611 /* statement_rollback.cpp in Sources */,
				D459C1AD1FE6B315000F9611 /* file.cpp in Sources */,
				D459C19F1FE6B315000F9611 /* statement_drop_table.cpp in Sources */,
				D4D8417E1FB40B520099841A /* main.cpp in Sources */,
				D459C1971FE6B315000F9611 /* statement_alter_table.cpp in Sources */,
				D459C1981FE6B315000F9611 /* statement_attach.cpp in Sources */,
				D459C1961FE6B315000F9611 /* statement.cpp in Sources */,
				D459C1141FE6B236000F9611 /* XXTBinding.mm in Sources */,
				D459C18D1FE6B315000F9611 /* fts_module.cpp in Sources */,
				D459C1841FE6B315000F9611 /* column_def.cpp in Sources */,
				D459C1891FE6B315000F9611 /* constraint_table.cpp in Sources */,
				D459C18C1FE6B315000F9611 /* foreign_key.cpp in Sources */,
				D459C19B1FE6B315000F9611 /* statement_create_virtual_table.cpp in Sources */,
				D459C1AB1FE6B315000F9611 /* subquery.cpp in Sources */,
				D459C1A21FE6B315000F9611 /* statement_pragma.cpp in Sources */,
				D459C19C1FE6B315000F9611 /* statement_delete.cpp in Sources */,
				D459C18B1FE6B315000F9611 /* expr.cpp in Sources */,
				D459C1921FE6B315000F9611 /* module_argument.cpp in Sources */,
				D459C1B01FE6B315000F9611 /* spin.cpp in Sources */,
				D459C1151FE6B236000F9611 /* XXTColumnBinding.mm in Sources */,
				D459C1821FE6B315000F9611 /* clause_join.cpp in Sources */,
				D459C19D1FE6B315000F9611 /* statement_detach.cpp in Sources */,
				D4D841911FB46AAD0099841A /* enable_if_test.cpp in Sources */,
				D459C1B11FE6B315000F9611 /* ticker.cpp in Sources */,
				D459C1831FE6B315000F9611 /* column.cpp in Sources */,
				D459C1A61FE6B315000F9611 /* statement_savepoint.cpp in Sources */,
				D459C1AE1FE6B315000F9611 /* path.cpp in Sources */,
				D459C1A01FE6B315000F9611 /* statement_explain.cpp in Sources */,
				D459C1991FE6B315000F9611 /* statement_create_index.cpp in Sources */,
				D459C1A11FE6B315000F9611 /* statement_insert.cpp in Sources */,
				D459C1161FE6B236000F9611 /* SNSNewsModelTest.m in Sources */,
				D459C1901FE6B315000F9611 /* handle_statement.cpp in Sources */,
				D459C1941FE6B315000F9611 /* order_term.cpp in Sources */,
				D459C1A71FE6B315000F9611 /* statement_select.cpp in Sources */,
				D459C1911FE6B315000F9611 /* literal_value.cpp in Sources */,
				D459C1A81FE6B315000F9611 /* statement_transaction.cpp in Sources */,
				D459C19E1FE6B315000F9611 /* statement_drop_index.cpp in Sources */,
				D459C19A1FE6B315000F9611 /* statement_create_table.cpp in Sources */,
				D459C1AA1FE6B315000F9611 /* statement_vacuum.cpp in Sources */,
				D459C1881FE6B315000F9611 /* conflict.cpp in Sources */,
				D459C18E1FE6B315000F9611 /* fts_modules.cpp in Sources */,
				D459C1861FE6B315000F9611 /* column_result.cpp in Sources */,
				D459C1951FE6B315000F9611 /* pragma.cpp in Sources */,
				D459C1131FE6B236000F9611 /* XXTRuntimeObjCAccessor.mm in Sources */,
			);
			runOnlyForDeploymentPostprocessing = 0;
		};
/* End PBXSourcesBuildPhase section */

/* Begin XCBuildConfiguration section */
		D4D8417F1FB40B520099841A /* Debug */ = {
			isa = XCBuildConfiguration;
			buildSettings = {
				ALWAYS_SEARCH_USER_PATHS = NO;
				CLANG_ANALYZER_NONNULL = YES;
				CLANG_ANALYZER_NUMBER_OBJECT_CONVERSION = YES_AGGRESSIVE;
				CLANG_CXX_LANGUAGE_STANDARD = "gnu++14";
				CLANG_CXX_LIBRARY = "libc++";
				CLANG_ENABLE_MODULES = YES;
				CLANG_ENABLE_OBJC_ARC = YES;
				CLANG_WARN_BLOCK_CAPTURE_AUTORELEASING = YES;
				CLANG_WARN_BOOL_CONVERSION = YES;
				CLANG_WARN_COMMA = YES;
				CLANG_WARN_CONSTANT_CONVERSION = YES;
				CLANG_WARN_DIRECT_OBJC_ISA_USAGE = YES_ERROR;
				CLANG_WARN_DOCUMENTATION_COMMENTS = YES;
				CLANG_WARN_EMPTY_BODY = YES;
				CLANG_WARN_ENUM_CONVERSION = YES;
				CLANG_WARN_INFINITE_RECURSION = YES;
				CLANG_WARN_INT_CONVERSION = YES;
				CLANG_WARN_NON_LITERAL_NULL_CONVERSION = YES;
				CLANG_WARN_OBJC_LITERAL_CONVERSION = YES;
				CLANG_WARN_OBJC_ROOT_CLASS = YES_ERROR;
				CLANG_WARN_RANGE_LOOP_ANALYSIS = YES;
				CLANG_WARN_STRICT_PROTOTYPES = YES;
				CLANG_WARN_SUSPICIOUS_MOVE = YES;
				CLANG_WARN_UNGUARDED_AVAILABILITY = YES_AGGRESSIVE;
				CLANG_WARN_UNREACHABLE_CODE = YES;
				CLANG_WARN__DUPLICATE_METHOD_MATCH = YES;
				CODE_SIGN_IDENTITY = "Mac Developer";
				COPY_PHASE_STRIP = NO;
				DEBUG_INFORMATION_FORMAT = dwarf;
				ENABLE_STRICT_OBJC_MSGSEND = YES;
				ENABLE_TESTABILITY = YES;
				GCC_C_LANGUAGE_STANDARD = gnu11;
				GCC_DYNAMIC_NO_PIC = NO;
				GCC_NO_COMMON_BLOCKS = YES;
				GCC_OPTIMIZATION_LEVEL = 0;
				GCC_PREPROCESSOR_DEFINITIONS = (
					"DEBUG=1",
					"$(inherited)",
				);
				GCC_WARN_64_TO_32_BIT_CONVERSION = YES;
				GCC_WARN_ABOUT_RETURN_TYPE = YES_ERROR;
				GCC_WARN_UNDECLARED_SELECTOR = YES;
				GCC_WARN_UNINITIALIZED_AUTOS = YES_AGGRESSIVE;
				GCC_WARN_UNUSED_FUNCTION = YES;
				GCC_WARN_UNUSED_VARIABLE = YES;
				MACOSX_DEPLOYMENT_TARGET = 10.12;
				MTL_ENABLE_DEBUG_INFO = YES;
				ONLY_ACTIVE_ARCH = YES;
				SDKROOT = macosx;
			};
			name = Debug;
		};
		D4D841801FB40B520099841A /* Release */ = {
			isa = XCBuildConfiguration;
			buildSettings = {
				ALWAYS_SEARCH_USER_PATHS = NO;
				CLANG_ANALYZER_NONNULL = YES;
				CLANG_ANALYZER_NUMBER_OBJECT_CONVERSION = YES_AGGRESSIVE;
				CLANG_CXX_LANGUAGE_STANDARD = "gnu++14";
				CLANG_CXX_LIBRARY = "libc++";
				CLANG_ENABLE_MODULES = YES;
				CLANG_ENABLE_OBJC_ARC = YES;
				CLANG_WARN_BLOCK_CAPTURE_AUTORELEASING = YES;
				CLANG_WARN_BOOL_CONVERSION = YES;
				CLANG_WARN_COMMA = YES;
				CLANG_WARN_CONSTANT_CONVERSION = YES;
				CLANG_WARN_DIRECT_OBJC_ISA_USAGE = YES_ERROR;
				CLANG_WARN_DOCUMENTATION_COMMENTS = YES;
				CLANG_WARN_EMPTY_BODY = YES;
				CLANG_WARN_ENUM_CONVERSION = YES;
				CLANG_WARN_INFINITE_RECURSION = YES;
				CLANG_WARN_INT_CONVERSION = YES;
				CLANG_WARN_NON_LITERAL_NULL_CONVERSION = YES;
				CLANG_WARN_OBJC_LITERAL_CONVERSION = YES;
				CLANG_WARN_OBJC_ROOT_CLASS = YES_ERROR;
				CLANG_WARN_RANGE_LOOP_ANALYSIS = YES;
				CLANG_WARN_STRICT_PROTOTYPES = YES;
				CLANG_WARN_SUSPICIOUS_MOVE = YES;
				CLANG_WARN_UNGUARDED_AVAILABILITY = YES_AGGRESSIVE;
				CLANG_WARN_UNREACHABLE_CODE = YES;
				CLANG_WARN__DUPLICATE_METHOD_MATCH = YES;
				CODE_SIGN_IDENTITY = "Mac Developer";
				COPY_PHASE_STRIP = NO;
				DEBUG_INFORMATION_FORMAT = "dwarf-with-dsym";
				ENABLE_NS_ASSERTIONS = NO;
				ENABLE_STRICT_OBJC_MSGSEND = YES;
				GCC_C_LANGUAGE_STANDARD = gnu11;
				GCC_NO_COMMON_BLOCKS = YES;
				GCC_WARN_64_TO_32_BIT_CONVERSION = YES;
				GCC_WARN_ABOUT_RETURN_TYPE = YES_ERROR;
				GCC_WARN_UNDECLARED_SELECTOR = YES;
				GCC_WARN_UNINITIALIZED_AUTOS = YES_AGGRESSIVE;
				GCC_WARN_UNUSED_FUNCTION = YES;
				GCC_WARN_UNUSED_VARIABLE = YES;
				MACOSX_DEPLOYMENT_TARGET = 10.12;
				MTL_ENABLE_DEBUG_INFO = NO;
				SDKROOT = macosx;
			};
			name = Release;
		};
		D4D841821FB40B520099841A /* Debug */ = {
			isa = XCBuildConfiguration;
			buildSettings = {
				CODE_SIGN_STYLE = Automatic;
				DEVELOPMENT_TEAM = GQ25JE7KU3;
				FRAMEWORK_SEARCH_PATHS = (
					"$(inherited)",
					"$(PROJECT_DIR)",
				);
				PRODUCT_NAME = "$(TARGET_NAME)";
			};
			name = Debug;
		};
		D4D841831FB40B520099841A /* Release */ = {
			isa = XCBuildConfiguration;
			buildSettings = {
				CODE_SIGN_STYLE = Automatic;
				DEVELOPMENT_TEAM = GQ25JE7KU3;
				FRAMEWORK_SEARCH_PATHS = (
					"$(inherited)",
					"$(PROJECT_DIR)",
				);
				PRODUCT_NAME = "$(TARGET_NAME)";
			};
			name = Release;
		};
/* End XCBuildConfiguration section */

/* Begin XCConfigurationList section */
		D4D841751FB40B520099841A /* Build configuration list for PBXProject "C-P-P-Learning" */ = {
			isa = XCConfigurationList;
			buildConfigurations = (
				D4D8417F1FB40B520099841A /* Debug */,
				D4D841801FB40B520099841A /* Release */,
			);
			defaultConfigurationIsVisible = 0;
			defaultConfigurationName = Release;
		};
		D4D841811FB40B520099841A /* Build configuration list for PBXNativeTarget "C-P-P-Learning" */ = {
			isa = XCConfigurationList;
			buildConfigurations = (
				D4D841821FB40B520099841A /* Debug */,
				D4D841831FB40B520099841A /* Release */,
			);
			defaultConfigurationIsVisible = 0;
			defaultConfigurationName = Release;
		};
/* End XCConfigurationList section */
	};
	rootObject = D4D841721FB40B520099841A /* Project object */;
}
