// !$*UTF8*$!
{
	archiveVersion = 1;
	classes = {
	};
	objectVersion = 48;
	objects = {

/* Begin PBXBuildFile section */
		D4CE2B151FC0746E00F827E2 /* declare.cpp in Sources */ = {isa = PBXBuildFile; fileRef = D4CE2B131FC0746E00F827E2 /* declare.cpp */; };
		D4D8417E1FB40B520099841A /* main.cpp in Sources */ = {isa = PBXBuildFile; fileRef = D4D8417D1FB40B520099841A /* main.cpp */; };
		D4D841911FB46AAD0099841A /* enable_if_test.cpp in Sources */ = {isa = PBXBuildFile; fileRef = D4D8418F1FB46AAD0099841A /* enable_if_test.cpp */; };
		D4D841991FB546330099841A /* XXTBinding.mm in Sources */ = {isa = PBXBuildFile; fileRef = D4D841961FB546330099841A /* XXTBinding.mm */; };
		D4D8419A1FB546330099841A /* XXTColumnBinding.mm in Sources */ = {isa = PBXBuildFile; fileRef = D4D841981FB546330099841A /* XXTColumnBinding.mm */; };
		D4D841A21FB54C7B0099841A /* column_type.cpp in Sources */ = {isa = PBXBuildFile; fileRef = D4D841A01FB54C7B0099841A /* column_type.cpp */; };
		D4D841A71FB551160099841A /* column_def.cpp in Sources */ = {isa = PBXBuildFile; fileRef = D4D841A51FB551160099841A /* column_def.cpp */; };
		D4D841AA1FB555BE0099841A /* describable.cpp in Sources */ = {isa = PBXBuildFile; fileRef = D4D841A81FB555BE0099841A /* describable.cpp */; };
		D4D841AE1FB5A06D0099841A /* column.cpp in Sources */ = {isa = PBXBuildFile; fileRef = D4D841AC1FB5A06D0099841A /* column.cpp */; };
/* End PBXBuildFile section */

/* Begin PBXCopyFilesBuildPhase section */
		D4D841781FB40B520099841A /* CopyFiles */ = {
			isa = PBXCopyFilesBuildPhase;
			buildActionMask = 2147483647;
			dstPath = /usr/share/man/man1/;
			dstSubfolderSpec = 0;
			files = (
			);
			runOnlyForDeploymentPostprocessing = 1;
		};
/* End PBXCopyFilesBuildPhase section */

/* Begin PBXFileReference section */
		D4CE2B111FBEE04F00F827E2 /* operator-Read.h */ = {isa = PBXFileReference; lastKnownFileType = sourcecode.c.h; path = "operator-Read.h"; sourceTree = "<group>"; };
		D4CE2B121FC06EAF00F827E2 /* explicit-Read.h */ = {isa = PBXFileReference; lastKnownFileType = sourcecode.c.h; path = "explicit-Read.h"; sourceTree = "<group>"; };
		D4CE2B131FC0746E00F827E2 /* declare.cpp */ = {isa = PBXFileReference; lastKnownFileType = sourcecode.cpp.cpp; path = declare.cpp; sourceTree = "<group>"; };
		D4CE2B141FC0746E00F827E2 /* declare.hpp */ = {isa = PBXFileReference; lastKnownFileType = sourcecode.cpp.h; path = declare.hpp; sourceTree = "<group>"; };
		D4D08D731FC8222100CBBA42 /* XXTCoding.h */ = {isa = PBXFileReference; lastKnownFileType = sourcecode.c.h; path = XXTCoding.h; sourceTree = "<group>"; };
		D4D08D751FC827B700CBBA42 /* util.hpp */ = {isa = PBXFileReference; lastKnownFileType = sourcecode.cpp.h; path = util.hpp; sourceTree = "<group>"; };
		D4D08D761FC9A6A900CBBA42 /* decltype-Read.h */ = {isa = PBXFileReference; lastKnownFileType = sourcecode.c.h; path = "decltype-Read.h"; sourceTree = "<group>"; };
		D4D08D771FC9AB1800CBBA42 /* false_type_read.h */ = {isa = PBXFileReference; lastKnownFileType = sourcecode.c.h; path = false_type_read.h; sourceTree = "<group>"; };
		D4D8417A1FB40B520099841A /* C-P-P-Learning */ = {isa = PBXFileReference; explicitFileType = "compiled.mach-o.executable"; includeInIndex = 0; path = "C-P-P-Learning"; sourceTree = BUILT_PRODUCTS_DIR; };
		D4D8417D1FB40B520099841A /* main.cpp */ = {isa = PBXFileReference; lastKnownFileType = sourcecode.cpp.cpp; path = main.cpp; sourceTree = "<group>"; };
		D4D841891FB4308F0099841A /* typeName-Read.h */ = {isa = PBXFileReference; lastKnownFileType = sourcecode.c.h; path = "typeName-Read.h"; sourceTree = "<group>"; };
		D4D8418D1FB432B20099841A /* std-Read.h */ = {isa = PBXFileReference; lastKnownFileType = sourcecode.c.h; path = "std-Read.h"; sourceTree = "<group>"; };
		D4D8418F1FB46AAD0099841A /* enable_if_test.cpp */ = {isa = PBXFileReference; lastKnownFileType = sourcecode.cpp.cpp; path = enable_if_test.cpp; sourceTree = "<group>"; };
		D4D841901FB46AAD0099841A /* enable_if_test.h */ = {isa = PBXFileReference; lastKnownFileType = sourcecode.c.h; path = enable_if_test.h; sourceTree = "<group>"; };
		D4D841921FB46C650099841A /* Template-Read.hpp */ = {isa = PBXFileReference; lastKnownFileType = sourcecode.cpp.h; path = "Template-Read.hpp"; sourceTree = "<group>"; };
		D4D841951FB546330099841A /* XXTBinding.h */ = {isa = PBXFileReference; fileEncoding = 4; lastKnownFileType = sourcecode.c.h; path = XXTBinding.h; sourceTree = "<group>"; };
		D4D841961FB546330099841A /* XXTBinding.mm */ = {isa = PBXFileReference; fileEncoding = 4; lastKnownFileType = sourcecode.cpp.objcpp; path = XXTBinding.mm; sourceTree = "<group>"; };
		D4D841971FB546330099841A /* XXTColumnBinding.h */ = {isa = PBXFileReference; fileEncoding = 4; lastKnownFileType = sourcecode.c.h; path = XXTColumnBinding.h; sourceTree = "<group>"; };
		D4D841981FB546330099841A /* XXTColumnBinding.mm */ = {isa = PBXFileReference; fileEncoding = 4; lastKnownFileType = sourcecode.cpp.objcpp; path = XXTColumnBinding.mm; sourceTree = "<group>"; };
		D4D8419B1FB546B90099841A /* XXTCppAccessor.h */ = {isa = PBXFileReference; lastKnownFileType = sourcecode.c.h; path = XXTCppAccessor.h; sourceTree = "<group>"; };
		D4D8419C1FB548E40099841A /* XXCommonHeader.h */ = {isa = PBXFileReference; lastKnownFileType = sourcecode.c.h; path = XXCommonHeader.h; sourceTree = "<group>"; };
		D4D8419D1FB5494A0099841A /* XXTBaseAccessor.h */ = {isa = PBXFileReference; lastKnownFileType = sourcecode.c.h; path = XXTBaseAccessor.h; sourceTree = "<group>"; };
		D4D8419F1FB54A0F0099841A /* XXTDeclare.h */ = {isa = PBXFileReference; lastKnownFileType = sourcecode.c.h; path = XXTDeclare.h; sourceTree = "<group>"; };
		D4D841A01FB54C7B0099841A /* column_type.cpp */ = {isa = PBXFileReference; lastKnownFileType = sourcecode.cpp.cpp; path = column_type.cpp; sourceTree = "<group>"; };
		D4D841A11FB54C7B0099841A /* column_type.hpp */ = {isa = PBXFileReference; lastKnownFileType = sourcecode.cpp.h; path = column_type.hpp; sourceTree = "<group>"; };
		D4D841A31FB54CF80099841A /* column_type.h */ = {isa = PBXFileReference; lastKnownFileType = sourcecode.c.h; path = column_type.h; sourceTree = "<group>"; };
		D4D841A41FB54DF30099841A /* const-constexpr.h */ = {isa = PBXFileReference; lastKnownFileType = sourcecode.c.h; path = "const-constexpr.h"; sourceTree = "<group>"; };
		D4D841A51FB551160099841A /* column_def.cpp */ = {isa = PBXFileReference; lastKnownFileType = sourcecode.cpp.cpp; path = column_def.cpp; sourceTree = "<group>"; };
		D4D841A61FB551160099841A /* column_def.hpp */ = {isa = PBXFileReference; lastKnownFileType = sourcecode.cpp.h; path = column_def.hpp; sourceTree = "<group>"; };
		D4D841A81FB555BE0099841A /* describable.cpp */ = {isa = PBXFileReference; lastKnownFileType = sourcecode.cpp.cpp; path = describable.cpp; sourceTree = "<group>"; };
		D4D841A91FB555BE0099841A /* describable.hpp */ = {isa = PBXFileReference; lastKnownFileType = sourcecode.cpp.h; path = describable.hpp; sourceTree = "<group>"; };
		D4D841AB1FB5582A0099841A /* std_string-Read.h */ = {isa = PBXFileReference; lastKnownFileType = sourcecode.c.h; path = "std_string-Read.h"; sourceTree = "<group>"; };
		D4D841AC1FB5A06D0099841A /* column.cpp */ = {isa = PBXFileReference; lastKnownFileType = sourcecode.cpp.cpp; path = column.cpp; sourceTree = "<group>"; };
		D4D841AD1FB5A06D0099841A /* column.hpp */ = {isa = PBXFileReference; lastKnownFileType = sourcecode.cpp.h; path = column.hpp; sourceTree = "<group>"; };
/* End PBXFileReference section */

/* Begin PBXFrameworksBuildPhase section */
		D4D841771FB40B520099841A /* Frameworks */ = {
			isa = PBXFrameworksBuildPhase;
			buildActionMask = 2147483647;
			files = (
			);
			runOnlyForDeploymentPostprocessing = 0;
		};
/* End PBXFrameworksBuildPhase section */

/* Begin PBXGroup section */
		D4D08D721FC821FD00CBBA42 /* coding */ = {
			isa = PBXGroup;
			children = (
				D4D08D731FC8222100CBBA42 /* XXTCoding.h */,
			);
			path = coding;
			sourceTree = "<group>";
		};
		D4D08D741FC8279900CBBA42 /* util */ = {
			isa = PBXGroup;
			children = (
				D4D08D751FC827B700CBBA42 /* util.hpp */,
			);
			path = util;
			sourceTree = "<group>";
		};
		D4D841711FB40B520099841A = {
			isa = PBXGroup;
			children = (
				D4D8417C1FB40B520099841A /* C-P-P-Learning */,
				D4D8417B1FB40B520099841A /* Products */,
			);
			sourceTree = "<group>";
		};
		D4D8417B1FB40B520099841A /* Products */ = {
			isa = PBXGroup;
			children = (
				D4D8417A1FB40B520099841A /* C-P-P-Learning */,
			);
			name = Products;
			sourceTree = "<group>";
		};
		D4D8417C1FB40B520099841A /* C-P-P-Learning */ = {
			isa = PBXGroup;
			children = (
				D4D841881FB4306E0099841A /* C++ Read */,
				D4D841841FB42D580099841A /* Orm */,
				D4D8417D1FB40B520099841A /* main.cpp */,
			);
			path = "C-P-P-Learning";
			sourceTree = "<group>";
		};
		D4D841841FB42D580099841A /* Orm */ = {
			isa = PBXGroup;
			children = (
				D4D08D741FC8279900CBBA42 /* util */,
				D4D08D721FC821FD00CBBA42 /* coding */,
				D4D8419E1FB549F80099841A /* declare */,
				D4D841931FB546330099841A /* accessor */,
				D4D841941FB546330099841A /* binding */,
				D4D8419C1FB548E40099841A /* XXCommonHeader.h */,
			);
			path = Orm;
			sourceTree = "<group>";
		};
		D4D841881FB4306E0099841A /* C++ Read */ = {
			isa = PBXGroup;
			children = (
				D4CE2B111FBEE04F00F827E2 /* operator-Read.h */,
				D4D841891FB4308F0099841A /* typeName-Read.h */,
				D4D8418D1FB432B20099841A /* std-Read.h */,
				D4D841901FB46AAD0099841A /* enable_if_test.h */,
				D4D8418F1FB46AAD0099841A /* enable_if_test.cpp */,
				D4D841921FB46C650099841A /* Template-Read.hpp */,
				D4D841A41FB54DF30099841A /* const-constexpr.h */,
				D4D841AB1FB5582A0099841A /* std_string-Read.h */,
				D4CE2B121FC06EAF00F827E2 /* explicit-Read.h */,
				D4D08D761FC9A6A900CBBA42 /* decltype-Read.h */,
				D4D08D771FC9AB1800CBBA42 /* false_type_read.h */,
			);
			path = "C++ Read";
			sourceTree = "<group>";
		};
		D4D841931FB546330099841A /* accessor */ = {
			isa = PBXGroup;
			children = (
				D4D8419B1FB546B90099841A /* XXTCppAccessor.h */,
				D4D8419D1FB5494A0099841A /* XXTBaseAccessor.h */,
			);
			path = accessor;
			sourceTree = "<group>";
		};
		D4D841941FB546330099841A /* binding */ = {
			isa = PBXGroup;
			children = (
				D4D841951FB546330099841A /* XXTBinding.h */,
				D4D841961FB546330099841A /* XXTBinding.mm */,
				D4D841971FB546330099841A /* XXTColumnBinding.h */,
				D4D841981FB546330099841A /* XXTColumnBinding.mm */,
			);
			path = binding;
			sourceTree = "<group>";
		};
		D4D8419E1FB549F80099841A /* declare */ = {
			isa = PBXGroup;
			children = (
				D4D8419F1FB54A0F0099841A /* XXTDeclare.h */,
				D4D841A01FB54C7B0099841A /* column_type.cpp */,
				D4D841A31FB54CF80099841A /* column_type.h */,
				D4D841A11FB54C7B0099841A /* column_type.hpp */,
				D4D841A51FB551160099841A /* column_def.cpp */,
				D4D841A61FB551160099841A /* column_def.hpp */,
				D4D841A81FB555BE0099841A /* describable.cpp */,
				D4D841A91FB555BE0099841A /* describable.hpp */,
				D4D841AC1FB5A06D0099841A /* column.cpp */,
				D4D841AD1FB5A06D0099841A /* column.hpp */,
				D4CE2B131FC0746E00F827E2 /* declare.cpp */,
				D4CE2B141FC0746E00F827E2 /* declare.hpp */,
			);
			path = declare;
			sourceTree = "<group>";
		};
/* End PBXGroup section */

/* Begin PBXNativeTarget section */
		D4D841791FB40B520099841A /* C-P-P-Learning */ = {
			isa = PBXNativeTarget;
			buildConfigurationList = D4D841811FB40B520099841A /* Build configuration list for PBXNativeTarget "C-P-P-Learning" */;
			buildPhases = (
				D4D841761FB40B520099841A /* Sources */,
				D4D841771FB40B520099841A /* Frameworks */,
				D4D841781FB40B520099841A /* CopyFiles */,
			);
			buildRules = (
			);
			dependencies = (
			);
			name = "C-P-P-Learning";
			productName = "C-P-P-Learning";
			productReference = D4D8417A1FB40B520099841A /* C-P-P-Learning */;
			productType = "com.apple.product-type.tool";
		};
/* End PBXNativeTarget section */

/* Begin PBXProject section */
		D4D841721FB40B520099841A /* Project object */ = {
			isa = PBXProject;
			attributes = {
				LastUpgradeCheck = 0910;
				ORGANIZATIONNAME = YYCoding;
				TargetAttributes = {
					D4D841791FB40B520099841A = {
						CreatedOnToolsVersion = 9.1;
						ProvisioningStyle = Automatic;
					};
				};
			};
			buildConfigurationList = D4D841751FB40B520099841A /* Build configuration list for PBXProject "C-P-P-Learning" */;
			compatibilityVersion = "Xcode 8.0";
			developmentRegion = en;
			hasScannedForEncodings = 0;
			knownRegions = (
				en,
			);
			mainGroup = D4D841711FB40B520099841A;
			productRefGroup = D4D8417B1FB40B520099841A /* Products */;
			projectDirPath = "";
			projectRoot = "";
			targets = (
				D4D841791FB40B520099841A /* C-P-P-Learning */,
			);
		};
/* End PBXProject section */

/* Begin PBXSourcesBuildPhase section */
		D4D841761FB40B520099841A /* Sources */ = {
			isa = PBXSourcesBuildPhase;
			buildActionMask = 2147483647;
			files = (
				D4CE2B151FC0746E00F827E2 /* declare.cpp in Sources */,
				D4D8419A1FB546330099841A /* XXTColumnBinding.mm in Sources */,
				D4D841AE1FB5A06D0099841A /* column.cpp in Sources */,
				D4D8417E1FB40B520099841A /* main.cpp in Sources */,
				D4D841991FB546330099841A /* XXTBinding.mm in Sources */,
				D4D841911FB46AAD0099841A /* enable_if_test.cpp in Sources */,
				D4D841A21FB54C7B0099841A /* column_type.cpp in Sources */,
				D4D841AA1FB555BE0099841A /* describable.cpp in Sources */,
				D4D841A71FB551160099841A /* column_def.cpp in Sources */,
			);
			runOnlyForDeploymentPostprocessing = 0;
		};
/* End PBXSourcesBuildPhase section */

/* Begin XCBuildConfiguration section */
		D4D8417F1FB40B520099841A /* Debug */ = {
			isa = XCBuildConfiguration;
			buildSettings = {
				ALWAYS_SEARCH_USER_PATHS = NO;
				CLANG_ANALYZER_NONNULL = YES;
				CLANG_ANALYZER_NUMBER_OBJECT_CONVERSION = YES_AGGRESSIVE;
				CLANG_CXX_LANGUAGE_STANDARD = "gnu++14";
				CLANG_CXX_LIBRARY = "libc++";
				CLANG_ENABLE_MODULES = YES;
				CLANG_ENABLE_OBJC_ARC = YES;
				CLANG_WARN_BLOCK_CAPTURE_AUTORELEASING = YES;
				CLANG_WARN_BOOL_CONVERSION = YES;
				CLANG_WARN_COMMA = YES;
				CLANG_WARN_CONSTANT_CONVERSION = YES;
				CLANG_WARN_DIRECT_OBJC_ISA_USAGE = YES_ERROR;
				CLANG_WARN_DOCUMENTATION_COMMENTS = YES;
				CLANG_WARN_EMPTY_BODY = YES;
				CLANG_WARN_ENUM_CONVERSION = YES;
				CLANG_WARN_INFINITE_RECURSION = YES;
				CLANG_WARN_INT_CONVERSION = YES;
				CLANG_WARN_NON_LITERAL_NULL_CONVERSION = YES;
				CLANG_WARN_OBJC_LITERAL_CONVERSION = YES;
				CLANG_WARN_OBJC_ROOT_CLASS = YES_ERROR;
				CLANG_WARN_RANGE_LOOP_ANALYSIS = YES;
				CLANG_WARN_STRICT_PROTOTYPES = YES;
				CLANG_WARN_SUSPICIOUS_MOVE = YES;
				CLANG_WARN_UNGUARDED_AVAILABILITY = YES_AGGRESSIVE;
				CLANG_WARN_UNREACHABLE_CODE = YES;
				CLANG_WARN__DUPLICATE_METHOD_MATCH = YES;
				CODE_SIGN_IDENTITY = "Mac Developer";
				COPY_PHASE_STRIP = NO;
				DEBUG_INFORMATION_FORMAT = dwarf;
				ENABLE_STRICT_OBJC_MSGSEND = YES;
				ENABLE_TESTABILITY = YES;
				GCC_C_LANGUAGE_STANDARD = gnu11;
				GCC_DYNAMIC_NO_PIC = NO;
				GCC_NO_COMMON_BLOCKS = YES;
				GCC_OPTIMIZATION_LEVEL = 0;
				GCC_PREPROCESSOR_DEFINITIONS = (
					"DEBUG=1",
					"$(inherited)",
				);
				GCC_WARN_64_TO_32_BIT_CONVERSION = YES;
				GCC_WARN_ABOUT_RETURN_TYPE = YES_ERROR;
				GCC_WARN_UNDECLARED_SELECTOR = YES;
				GCC_WARN_UNINITIALIZED_AUTOS = YES_AGGRESSIVE;
				GCC_WARN_UNUSED_FUNCTION = YES;
				GCC_WARN_UNUSED_VARIABLE = YES;
				MACOSX_DEPLOYMENT_TARGET = 10.12;
				MTL_ENABLE_DEBUG_INFO = YES;
				ONLY_ACTIVE_ARCH = YES;
				SDKROOT = macosx;
			};
			name = Debug;
		};
		D4D841801FB40B520099841A /* Release */ = {
			isa = XCBuildConfiguration;
			buildSettings = {
				ALWAYS_SEARCH_USER_PATHS = NO;
				CLANG_ANALYZER_NONNULL = YES;
				CLANG_ANALYZER_NUMBER_OBJECT_CONVERSION = YES_AGGRESSIVE;
				CLANG_CXX_LANGUAGE_STANDARD = "gnu++14";
				CLANG_CXX_LIBRARY = "libc++";
				CLANG_ENABLE_MODULES = YES;
				CLANG_ENABLE_OBJC_ARC = YES;
				CLANG_WARN_BLOCK_CAPTURE_AUTORELEASING = YES;
				CLANG_WARN_BOOL_CONVERSION = YES;
				CLANG_WARN_COMMA = YES;
				CLANG_WARN_CONSTANT_CONVERSION = YES;
				CLANG_WARN_DIRECT_OBJC_ISA_USAGE = YES_ERROR;
				CLANG_WARN_DOCUMENTATION_COMMENTS = YES;
				CLANG_WARN_EMPTY_BODY = YES;
				CLANG_WARN_ENUM_CONVERSION = YES;
				CLANG_WARN_INFINITE_RECURSION = YES;
				CLANG_WARN_INT_CONVERSION = YES;
				CLANG_WARN_NON_LITERAL_NULL_CONVERSION = YES;
				CLANG_WARN_OBJC_LITERAL_CONVERSION = YES;
				CLANG_WARN_OBJC_ROOT_CLASS = YES_ERROR;
				CLANG_WARN_RANGE_LOOP_ANALYSIS = YES;
				CLANG_WARN_STRICT_PROTOTYPES = YES;
				CLANG_WARN_SUSPICIOUS_MOVE = YES;
				CLANG_WARN_UNGUARDED_AVAILABILITY = YES_AGGRESSIVE;
				CLANG_WARN_UNREACHABLE_CODE = YES;
				CLANG_WARN__DUPLICATE_METHOD_MATCH = YES;
				CODE_SIGN_IDENTITY = "Mac Developer";
				COPY_PHASE_STRIP = NO;
				DEBUG_INFORMATION_FORMAT = "dwarf-with-dsym";
				ENABLE_NS_ASSERTIONS = NO;
				ENABLE_STRICT_OBJC_MSGSEND = YES;
				GCC_C_LANGUAGE_STANDARD = gnu11;
				GCC_NO_COMMON_BLOCKS = YES;
				GCC_WARN_64_TO_32_BIT_CONVERSION = YES;
				GCC_WARN_ABOUT_RETURN_TYPE = YES_ERROR;
				GCC_WARN_UNDECLARED_SELECTOR = YES;
				GCC_WARN_UNINITIALIZED_AUTOS = YES_AGGRESSIVE;
				GCC_WARN_UNUSED_FUNCTION = YES;
				GCC_WARN_UNUSED_VARIABLE = YES;
				MACOSX_DEPLOYMENT_TARGET = 10.12;
				MTL_ENABLE_DEBUG_INFO = NO;
				SDKROOT = macosx;
			};
			name = Release;
		};
		D4D841821FB40B520099841A /* Debug */ = {
			isa = XCBuildConfiguration;
			buildSettings = {
				CODE_SIGN_STYLE = Automatic;
				DEVELOPMENT_TEAM = GQ25JE7KU3;
				PRODUCT_NAME = "$(TARGET_NAME)";
			};
			name = Debug;
		};
		D4D841831FB40B520099841A /* Release */ = {
			isa = XCBuildConfiguration;
			buildSettings = {
				CODE_SIGN_STYLE = Automatic;
				DEVELOPMENT_TEAM = GQ25JE7KU3;
				PRODUCT_NAME = "$(TARGET_NAME)";
			};
			name = Release;
		};
/* End XCBuildConfiguration section */

/* Begin XCConfigurationList section */
		D4D841751FB40B520099841A /* Build configuration list for PBXProject "C-P-P-Learning" */ = {
			isa = XCConfigurationList;
			buildConfigurations = (
				D4D8417F1FB40B520099841A /* Debug */,
				D4D841801FB40B520099841A /* Release */,
			);
			defaultConfigurationIsVisible = 0;
			defaultConfigurationName = Release;
		};
		D4D841811FB40B520099841A /* Build configuration list for PBXNativeTarget "C-P-P-Learning" */ = {
			isa = XCConfigurationList;
			buildConfigurations = (
				D4D841821FB40B520099841A /* Debug */,
				D4D841831FB40B520099841A /* Release */,
			);
			defaultConfigurationIsVisible = 0;
			defaultConfigurationName = Release;
		};
/* End XCConfigurationList section */
	};
	rootObject = D4D841721FB40B520099841A /* Project object */;
}
